// !$*UTF8*$!
{
	archiveVersion = 1;
	classes = {
	};
	objectVersion = 50;
	objects = {

/* Begin PBXBuildFile section */
		43B97A292603FB1A00853B56 /* NewsFeed.swift in Sources */ = {isa = PBXBuildFile; fileRef = 43B97A282603FB1A00853B56 /* NewsFeed.swift */; };
		43DB28F62603E89C00111EB0 /* AppDelegate.swift in Sources */ = {isa = PBXBuildFile; fileRef = 43DB28F52603E89C00111EB0 /* AppDelegate.swift */; };
		43DB28F82603E89C00111EB0 /* SceneDelegate.swift in Sources */ = {isa = PBXBuildFile; fileRef = 43DB28F72603E89C00111EB0 /* SceneDelegate.swift */; };
		43DB28FA2603E89C00111EB0 /* ViewController.swift in Sources */ = {isa = PBXBuildFile; fileRef = 43DB28F92603E89C00111EB0 /* ViewController.swift */; };
		43DB28FD2603E89C00111EB0 /* Main.storyboard in Resources */ = {isa = PBXBuildFile; fileRef = 43DB28FB2603E89C00111EB0 /* Main.storyboard */; };
		43DB28FF2603E89E00111EB0 /* Assets.xcassets in Resources */ = {isa = PBXBuildFile; fileRef = 43DB28FE2603E89E00111EB0 /* Assets.xcassets */; };
		43DB29022603E89E00111EB0 /* LaunchScreen.storyboard in Resources */ = {isa = PBXBuildFile; fileRef = 43DB29002603E89E00111EB0 /* LaunchScreen.storyboard */; };
/* End PBXBuildFile section */

/* Begin PBXFileReference section */
		43B97A282603FB1A00853B56 /* NewsFeed.swift */ = {isa = PBXFileReference; lastKnownFileType = sourcecode.swift; path = NewsFeed.swift; sourceTree = "<group>"; };
		43DB28F22603E89C00111EB0 /* jsonparser.app */ = {isa = PBXFileReference; explicitFileType = wrapper.application; includeInIndex = 0; path = jsonparser.app; sourceTree = BUILT_PRODUCTS_DIR; };
		43DB28F52603E89C00111EB0 /* AppDelegate.swift */ = {isa = PBXFileReference; lastKnownFileType = sourcecode.swift; path = AppDelegate.swift; sourceTree = "<group>"; };
		43DB28F72603E89C00111EB0 /* SceneDelegate.swift */ = {isa = PBXFileReference; lastKnownFileType = sourcecode.swift; path = SceneDelegate.swift; sourceTree = "<group>"; };
		43DB28F92603E89C00111EB0 /* ViewController.swift */ = {isa = PBXFileReference; lastKnownFileType = sourcecode.swift; path = ViewController.swift; sourceTree = "<group>"; };
		43DB28FC2603E89C00111EB0 /* Base */ = {isa = PBXFileReference; lastKnownFileType = file.storyboard; name = Base; path = Base.lproj/Main.storyboard; sourceTree = "<group>"; };
		43DB28FE2603E89E00111EB0 /* Assets.xcassets */ = {isa = PBXFileReference; lastKnownFileType = folder.assetcatalog; path = Assets.xcassets; sourceTree = "<group>"; };
		43DB29012603E89E00111EB0 /* Base */ = {isa = PBXFileReference; lastKnownFileType = file.storyboard; name = Base; path = Base.lproj/LaunchScreen.storyboard; sourceTree = "<group>"; };
		43DB29032603E89E00111EB0 /* Info.plist */ = {isa = PBXFileReference; lastKnownFileType = text.plist.xml; path = Info.plist; sourceTree = "<group>"; };
/* End PBXFileReference section */

/* Begin PBXFrameworksBuildPhase section */
		43DB28EF2603E89C00111EB0 /* Frameworks */ = {
			isa = PBXFrameworksBuildPhase;
			buildActionMask = 2147483647;
			files = (
			);
			runOnlyForDeploymentPostprocessing = 0;
		};
/* End PBXFrameworksBuildPhase section */

/* Begin PBXGroup section */
		43DB28E92603E89C00111EB0 = {
			isa = PBXGroup;
			children = (
				43DB28F42603E89C00111EB0 /* jsonparser */,
				43DB28F32603E89C00111EB0 /* Products */,
			);
			sourceTree = "<group>";
		};
		43DB28F32603E89C00111EB0 /* Products */ = {
			isa = PBXGroup;
			children = (
				43DB28F22603E89C00111EB0 /* jsonparser.app */,
			);
			name = Products;
			sourceTree = "<group>";
		};
		43DB28F42603E89C00111EB0 /* jsonparser */ = {
			isa = PBXGroup;
			children = (
				43DB29132603EBE000111EB0 /* Models */,
				43DB28F52603E89C00111EB0 /* AppDelegate.swift */,
				43DB28F72603E89C00111EB0 /* SceneDelegate.swift */,
				43DB28F92603E89C00111EB0 /* ViewController.swift */,
				43DB28FB2603E89C00111EB0 /* Main.storyboard */,
				43DB28FE2603E89E00111EB0 /* Assets.xcassets */,
				43DB29002603E89E00111EB0 /* LaunchScreen.storyboard */,
				43DB29032603E89E00111EB0 /* Info.plist */,
			);
			path = jsonparser;
			sourceTree = "<group>";
		};
		43DB29132603EBE000111EB0 /* Models */ = {
			isa = PBXGroup;
			children = (
				43B97A282603FB1A00853B56 /* NewsFeed.swift */,
			);
			path = Models;
			sourceTree = "<group>";
		};
/* End PBXGroup section */

/* Begin PBXNativeTarget section */
		43DB28F12603E89C00111EB0 /* jsonparser */ = {
			isa = PBXNativeTarget;
			buildConfigurationList = 43DB29062603E89E00111EB0 /* Build configuration list for PBXNativeTarget "jsonparser" */;
			buildPhases = (
				43DB28EE2603E89C00111EB0 /* Sources */,
				43DB28EF2603E89C00111EB0 /* Frameworks */,
				43DB28F02603E89C00111EB0 /* Resources */,
			);
			buildRules = (
			);
			dependencies = (
			);
			name = jsonparser;
			productName = jsonparser;
			productReference = 43DB28F22603E89C00111EB0 /* jsonparser.app */;
			productType = "com.apple.product-type.application";
		};
/* End PBXNativeTarget section */

/* Begin PBXProject section */
		43DB28EA2603E89C00111EB0 /* Project object */ = {
			isa = PBXProject;
			attributes = {
				LastSwiftUpdateCheck = 1220;
				LastUpgradeCheck = 1220;
				TargetAttributes = {
					43DB28F12603E89C00111EB0 = {
						CreatedOnToolsVersion = 12.2;
					};
				};
			};
			buildConfigurationList = 43DB28ED2603E89C00111EB0 /* Build configuration list for PBXProject "jsonparser" */;
			compatibilityVersion = "Xcode 9.3";
			developmentRegion = en;
			hasScannedForEncodings = 0;
			knownRegions = (
				en,
				Base,
			);
			mainGroup = 43DB28E92603E89C00111EB0;
			productRefGroup = 43DB28F32603E89C00111EB0 /* Products */;
			projectDirPath = "";
			projectRoot = "";
			targets = (
				43DB28F12603E89C00111EB0 /* jsonparser */,
			);
		};
/* End PBXProject section */

/* Begin PBXResourcesBuildPhase section */
		43DB28F02603E89C00111EB0 /* Resources */ = {
			isa = PBXResourcesBuildPhase;
			buildActionMask = 2147483647;
			files = (
				43DB29022603E89E00111EB0 /* LaunchScreen.storyboard in Resources */,
				43DB28FF2603E89E00111EB0 /* Assets.xcassets in Resources */,
				43DB28FD2603E89C00111EB0 /* Main.storyboard in Resources */,
			);
			runOnlyForDeploymentPostprocessing = 0;
		};
/* End PBXResourcesBuildPhase section */

/* Begin PBXSourcesBuildPhase section */
		43DB28EE2603E89C00111EB0 /* Sources */ = {
			isa = PBXSourcesBuildPhase;
			buildActionMask = 2147483647;
			files = (
				43DB28FA2603E89C00111EB0 /* ViewController.swift in Sources */,
				43DB28F62603E89C00111EB0 /* AppDelegate.swift in Sources */,
				43B97A292603FB1A00853B56 /* NewsFeed.swift in Sources */,
				43DB28F82603E89C00111EB0 /* SceneDelegate.swift in Sources */,
			);
			runOnlyForDeploymentPostprocessing = 0;
		};
/* End PBXSourcesBuildPhase section */

/* Begin PBXVariantGroup section */
		43DB28FB2603E89C00111EB0 /* Main.storyboard */ = {
			isa = PBXVariantGroup;
			children = (
				43DB28FC2603E89C00111EB0 /* Base */,
			);
			name = Main.storyboard;
			sourceTree = "<group>";
		};
		43DB29002603E89E00111EB0 /* LaunchScreen.storyboard */ = {
			isa = PBXVariantGroup;
			children = (
				43DB29012603E89E00111EB0 /* Base */,
			);
			name = LaunchScreen.storyboard;
			sourceTree = "<group>";
		};
/* End PBXVariantGroup section */

/* Begin XCBuildConfiguration section */
		43DB29042603E89E00111EB0 /* Debug */ = {
			isa = XCBuildConfiguration;
			buildSettings = {
				ALWAYS_SEARCH_USER_PATHS = NO;
				CLANG_ANALYZER_NONNULL = YES;
				CLANG_ANALYZER_NUMBER_OBJECT_CONVERSION = YES_AGGRESSIVE;
				CLANG_CXX_LANGUAGE_STANDARD = "gnu++14";
				CLANG_CXX_LIBRARY = "libc++";
				CLANG_ENABLE_MODULES = YES;
				CLANG_ENABLE_OBJC_ARC = YES;
				CLANG_ENABLE_OBJC_WEAK = YES;
				CLANG_WARN_BLOCK_CAPTURE_AUTORELEASING = YES;
				CLANG_WARN_BOOL_CONVERSION = YES;
				CLANG_WARN_COMMA = YES;
				CLANG_WARN_CONSTANT_CONVERSION = YES;
				CLANG_WARN_DEPRECATED_OBJC_IMPLEMENTATIONS = YES;
				CLANG_WARN_DIRECT_OBJC_ISA_USAGE = YES_ERROR;
				CLANG_WARN_DOCUMENTATION_COMMENTS = YES;
				CLANG_WARN_EMPTY_BODY = YES;
				CLANG_WARN_ENUM_CONVERSION = YES;
				CLANG_WARN_INFINITE_RECURSION = YES;
				CLANG_WARN_INT_CONVERSION = YES;
				CLANG_WARN_NON_LITERAL_NULL_CONVERSION = YES;
				CLANG_WARN_OBJC_IMPLICIT_RETAIN_SELF = YES;
				CLANG_WARN_OBJC_LITERAL_CONVERSION = YES;
				CLANG_WARN_OBJC_ROOT_CLASS = YES_ERROR;
				CLANG_WARN_QUOTED_INCLUDE_IN_FRAMEWORK_HEADER = YES;
				CLANG_WARN_RANGE_LOOP_ANALYSIS = YES;
				CLANG_WARN_STRICT_PROTOTYPES = YES;
				CLANG_WARN_SUSPICIOUS_MOVE = YES;
				CLANG_WARN_UNGUARDED_AVAILABILITY = YES_AGGRESSIVE;
				CLANG_WARN_UNREACHABLE_CODE = YES;
				CLANG_WARN__DUPLICATE_METHOD_MATCH = YES;
				COPY_PHASE_STRIP = NO;
				DEBUG_INFORMATION_FORMAT = dwarf;
				ENABLE_STRICT_OBJC_MSGSEND = YES;
				ENABLE_TESTABILITY = YES;
				GCC_C_LANGUAGE_STANDARD = gnu11;
				GCC_DYNAMIC_NO_PIC = NO;
				GCC_NO_COMMON_BLOCKS = YES;
				GCC_OPTIMIZATION_LEVEL = 0;
				GCC_PREPROCESSOR_DEFINITIONS = (
					"DEBUG=1",
					"$(inherited)",
				);
				GCC_WARN_64_TO_32_BIT_CONVERSION = YES;
				GCC_WARN_ABOUT_RETURN_TYPE = YES_ERROR;
				GCC_WARN_UNDECLARED_SELECTOR = YES;
				GCC_WARN_UNINITIALIZED_AUTOS = YES_AGGRESSIVE;
				GCC_WARN_UNUSED_FUNCTION = YES;
				GCC_WARN_UNUSED_VARIABLE = YES;
				IPHONEOS_DEPLOYMENT_TARGET = 14.2;
				MTL_ENABLE_DEBUG_INFO = INCLUDE_SOURCE;
				MTL_FAST_MATH = YES;
				ONLY_ACTIVE_ARCH = YES;
				SDKROOT = iphoneos;
				SWIFT_ACTIVE_COMPILATION_CONDITIONS = DEBUG;
				SWIFT_OPTIMIZATION_LEVEL = "-Onone";
			};
			name = Debug;
		};
		43DB29052603E89E00111EB0 /* Release */ = {
			isa = XCBuildConfiguration;
			buildSettings = {
				ALWAYS_SEARCH_USER_PATHS = NO;
				CLANG_ANALYZER_NONNULL = YES;
				CLANG_ANALYZER_NUMBER_OBJECT_CONVERSION = YES_AGGRESSIVE;
				CLANG_CXX_LANGUAGE_STANDARD = "gnu++14";
				CLANG_CXX_LIBRARY = "libc++";
				CLANG_ENABLE_MODULES = YES;
				CLANG_ENABLE_OBJC_ARC = YES;
				CLANG_ENABLE_OBJC_WEAK = YES;
				CLANG_WARN_BLOCK_CAPTURE_AUTORELEASING = YES;
				CLANG_WARN_BOOL_CONVERSION = YES;
				CLANG_WARN_COMMA = YES;
				CLANG_WARN_CONSTANT_CONVERSION = YES;
				CLANG_WARN_DEPRECATED_OBJC_IMPLEMENTATIONS = YES;
				CLANG_WARN_DIRECT_OBJC_ISA_USAGE = YES_ERROR;
				CLANG_WARN_DOCUMENTATION_COMMENTS = YES;
				CLANG_WARN_EMPTY_BODY = YES;
				CLANG_WARN_ENUM_CONVERSION = YES;
				CLANG_WARN_INFINITE_RECURSION = YES;
				CLANG_WARN_INT_CONVERSION = YES;
				CLANG_WARN_NON_LITERAL_NULL_CONVERSION = YES;
				CLANG_WARN_OBJC_IMPLICIT_RETAIN_SELF = YES;
				CLANG_WARN_OBJC_LITERAL_CONVERSION = YES;
				CLANG_WARN_OBJC_ROOT_CLASS = YES_ERROR;
				CLANG_WARN_QUOTED_INCLUDE_IN_FRAMEWORK_HEADER = YES;
				CLANG_WARN_RANGE_LOOP_ANALYSIS = YES;
				CLANG_WARN_STRICT_PROTOTYPES = YES;
				CLANG_WARN_SUSPICIOUS_MOVE = YES;
				CLANG_WARN_UNGUARDED_AVAILABILITY = YES_AGGRESSIVE;
				CLANG_WARN_UNREACHABLE_CODE = YES;
				CLANG_WARN__DUPLICATE_METHOD_MATCH = YES;
				COPY_PHASE_STRIP = NO;
				DEBUG_INFORMATION_FORMAT = "dwarf-with-dsym";
				ENABLE_NS_ASSERTIONS = NO;
				ENABLE_STRICT_OBJC_MSGSEND = YES;
				GCC_C_LANGUAGE_STANDARD = gnu11;
				GCC_NO_COMMON_BLOCKS = YES;
				GCC_WARN_64_TO_32_BIT_CONVERSION = YES;
				GCC_WARN_ABOUT_RETURN_TYPE = YES_ERROR;
				GCC_WARN_UNDECLARED_SELECTOR = YES;
				GCC_WARN_UNINITIALIZED_AUTOS = YES_AGGRESSIVE;
				GCC_WARN_UNUSED_FUNCTION = YES;
				GCC_WARN_UNUSED_VARIABLE = YES;
				IPHONEOS_DEPLOYMENT_TARGET = 14.2;
				MTL_ENABLE_DEBUG_INFO = NO;
				MTL_FAST_MATH = YES;
				SDKROOT = iphoneos;
				SWIFT_COMPILATION_MODE = wholemodule;
				SWIFT_OPTIMIZATION_LEVEL = "-O";
				VALIDATE_PRODUCT = YES;
			};
			name = Release;
		};
		43DB29072603E89E00111EB0 /* Debug */ = {
			isa = XCBuildConfiguration;
			buildSettings = {
				ASSETCATALOG_COMPILER_APPICON_NAME = AppIcon;
				ASSETCATALOG_COMPILER_GLOBAL_ACCENT_COLOR_NAME = AccentColor;
				CODE_SIGN_STYLE = Automatic;
				DEVELOPMENT_TEAM = 5QBKV6HE8P;
				INFOPLIST_FILE = jsonparser/Info.plist;
				LD_RUNPATH_SEARCH_PATHS = (
					"$(inherited)",
					"@executable_path/Frameworks",
				);
				PRODUCT_BUNDLE_IDENTIFIER = com.oguzhanvarsak.haberler;
				PRODUCT_NAME = "$(TARGET_NAME)";
				SWIFT_VERSION = 5.0;
				TARGETED_DEVICE_FAMILY = 1;
			};
			name = Debug;
		};
		43DB29082603E89E00111EB0 /* Release */ = {
			isa = XCBuildConfiguration;
			buildSettings = {
				ASSETCATALOG_COMPILER_APPICON_NAME = AppIcon;
				ASSETCATALOG_COMPILER_GLOBAL_ACCENT_COLOR_NAME = AccentColor;
				CODE_SIGN_STYLE = Automatic;
				DEVELOPMENT_TEAM = 5QBKV6HE8P;
				INFOPLIST_FILE = jsonparser/Info.plist;
				LD_RUNPATH_SEARCH_PATHS = (
					"$(inherited)",
					"@executable_path/Frameworks",
				);
				PRODUCT_BUNDLE_IDENTIFIER = com.oguzhanvarsak.haberler;
				PRODUCT_NAME = "$(TARGET_NAME)";
				SWIFT_VERSION = 5.0;
				TARGETED_DEVICE_FAMILY = 1;
			};
			name = Release;
		};
/* End XCBuildConfiguration section */

/* Begin XCConfigurationList section */
		43DB28ED2603E89C00111EB0 /* Build configuration list for PBXProject "jsonparser" */ = {
			isa = XCConfigurationList;
			buildConfigurations = (
				43DB29042603E89E00111EB0 /* Debug */,
				43DB29052603E89E00111EB0 /* Release */,
			);
			defaultConfigurationIsVisible = 0;
			defaultConfigurationName = Release;
		};
		43DB29062603E89E00111EB0 /* Build configuration list for PBXNativeTarget "jsonparser" */ = {
			isa = XCConfigurationList;
			buildConfigurations = (
				43DB29072603E89E00111EB0 /* Debug */,
				43DB29082603E89E00111EB0 /* Release */,
			);
			defaultConfigurationIsVisible = 0;
			defaultConfigurationName = Release;
		};
/* End XCConfigurationList section */
	};
	rootObject = 43DB28EA2603E89C00111EB0 /* Project object */;
}
